
Microsoft Visual Studio Solution File, Format Version 12.00
# Visual Studio Version 17
VisualStudioVersion = 17.6.33829.357
MinimumVisualStudioVersion = 10.0.40219.1
Project("{2150E333-8FDC-42A3-9474-1A3956D46DE8}") = "Services", "Services", "{629C5715-FEED-49D1-B123-EAC8D6DB08C5}"
EndProject
Project("{2150E333-8FDC-42A3-9474-1A3956D46DE8}") = "BuildingBlocks", "BuildingBlocks", "{F1FCCBAA-0E50-42C3-9E20-E0760D06808C}"
EndProject
Project("{2150E333-8FDC-42A3-9474-1A3956D46DE8}") = "IAC", "IAC", "{B566493F-2503-4923-9F9D-BEDBD962DD81}"
EndProject
Project("{2150E333-8FDC-42A3-9474-1A3956D46DE8}") = "Products", "Products", "{075301B9-562B-4EB4-BA0B-047957630CEF}"
EndProject
Project("{2150E333-8FDC-42A3-9474-1A3956D46DE8}") = "Shopping", "Shopping", "{B8454701-ECD5-4B4D-87A3-DB8C956B98C8}"
EndProject
Project("{9A19103F-16F7-4668-BE54-9A1E7A4F7556}") = "ApiGateway", "ApiGateway\ApiGateway.csproj", "{E1D66DE8-7723-4469-8F44-E6ECB8806C09}"
EndProject
Project("{9A19103F-16F7-4668-BE54-9A1E7A4F7556}") = "BuildingBlocks.Domain", "BuildingBlocks\BuildingBlocks.Domain\BuildingBlocks.Domain.csproj", "{E1099702-05A6-48BE-8BF8-7535055D7224}"
EndProject
Project("{9A19103F-16F7-4668-BE54-9A1E7A4F7556}") = "BuildingBlocks.Application", "BuildingBlocks\BuildingBlocks.Application\BuildingBlocks.Application.csproj", "{AD91AD67-0BAD-4C36-9B49-632E4C13B644}"
EndProject
Project("{9A19103F-16F7-4668-BE54-9A1E7A4F7556}") = "BuildingBlocks.Presentation", "BuildingBlocks\BuildingBlocks.Presentation\BuildingBlocks.Presentation.csproj", "{D0229EA1-DB53-4FE8-A8CF-64C6528DC290}"
EndProject
Project("{9A19103F-16F7-4668-BE54-9A1E7A4F7556}") = "BuildingBlocks.Infrastructure", "BuildingBlocks\BuildingBlocks.Infrastructure\BuildingBlocks.Infrastructure.csproj", "{136C0313-53EB-46F0-8238-4F07ECF2FD5E}"
EndProject
Project("{9A19103F-16F7-4668-BE54-9A1E7A4F7556}") = "Products.API", "Services\Products\Products.API\Products.API.csproj", "{7D3404F0-D8E6-4AEC-92EC-316B2A0FA290}"
EndProject
Project("{9A19103F-16F7-4668-BE54-9A1E7A4F7556}") = "Products.Infrastructure.EfCore", "Services\Products\Products.Infrastructure.EfCore\Products.Infrastructure.EfCore.csproj", "{EB457731-300C-41E2-AE90-1651F2BCC25F}"
EndProject
Project("{9A19103F-16F7-4668-BE54-9A1E7A4F7556}") = "Products.Application", "Services\Products\Products.Application\Products.Application.csproj", "{81CDEC2B-CF33-468A-81F6-19B3ABDED611}"
EndProject
Project("{9A19103F-16F7-4668-BE54-9A1E7A4F7556}") = "Products.Domain", "Services\Products\Products.Domain\Products.Domain.csproj", "{1069E105-B527-4550-B10E-6B9B352FA60C}"
EndProject
Project("{9A19103F-16F7-4668-BE54-9A1E7A4F7556}") = "BuildingBlocks.EventBus", "BuildingBlocks\BuildingBlocks.EventBus\BuildingBlocks.EventBus.csproj", "{E562D93D-3A93-4F11-8888-5F6CF8AC4C00}"
EndProject
Project("{2150E333-8FDC-42A3-9474-1A3956D46DE8}") = "Solution Items", "Solution Items", "{5F16BB80-2787-4A1A-A413-8389A71AB1F8}"
	ProjectSection(SolutionItems) = preProject
		docker-compose.yml = docker-compose.yml
	EndProjectSection
EndProject
Project("{2150E333-8FDC-42A3-9474-1A3956D46DE8}") = "Presentation", "Presentation", "{F2F76BE7-468E-42BB-957A-EF58FB919E39}"
EndProject
Project("{9A19103F-16F7-4668-BE54-9A1E7A4F7556}") = "IAC.API", "Services\IAC\IAC.API\IAC.API.csproj", "{20F0034F-36E4-4C40-B11A-04A0AE502F52}"
EndProject
Project("{2150E333-8FDC-42A3-9474-1A3956D46DE8}") = "Infrastructure", "Infrastructure", "{1B3D31BD-DAA9-4AE1-982B-5655866BFC2D}"
EndProject
Project("{2150E333-8FDC-42A3-9474-1A3956D46DE8}") = "Core", "Core", "{4F7DA1C7-C6F6-4B50-AA11-B36332C49513}"
EndProject
Project("{9A19103F-16F7-4668-BE54-9A1E7A4F7556}") = "IAC.Domain", "Services\IAC\IAC.Domain\IAC.Domain.csproj", "{9D8AE9BE-1AA5-43BD-95D9-FB6DD2F1A485}"
EndProject
Project("{9A19103F-16F7-4668-BE54-9A1E7A4F7556}") = "IAC.Application", "Services\IAC\IAC.Application\IAC.Application.csproj", "{AC95B9B8-DA72-41C2-BAC1-8F21F94470B4}"
EndProject
Project("{9A19103F-16F7-4668-BE54-9A1E7A4F7556}") = "IAC.Infrastructure.EfCore", "Services\IAC\IAC.Infrastructure.EfCore\IAC.Infrastructure.EfCore.csproj", "{0576ABD8-33F9-4A0D-86E9-11497C90F9C6}"
EndProject
Project("{2150E333-8FDC-42A3-9474-1A3956D46DE8}") = "Core", "Core", "{8B19ABD3-C35C-4DF6-B120-CC6D6524ED9B}"
EndProject
Project("{2150E333-8FDC-42A3-9474-1A3956D46DE8}") = "Presentation", "Presentation", "{660B83AD-650E-4978-B64E-41BBFC40DD37}"
EndProject
Project("{2150E333-8FDC-42A3-9474-1A3956D46DE8}") = "Infrastructure", "Infrastructure", "{DA73E208-4D41-40AC-8B57-F34684FC3072}"
EndProject
Project("{9A19103F-16F7-4668-BE54-9A1E7A4F7556}") = "Shopping.API", "Services\Shopping\Shopping.API\Shopping.API.csproj", "{BC0FF3BD-0030-42DB-97B7-7794479484CD}"
EndProject
Project("{9A19103F-16F7-4668-BE54-9A1E7A4F7556}") = "Shopping.Domain", "Services\Shopping\Shopping.Domain\Shopping.Domain.csproj", "{3EF7B6B9-4504-4223-BD20-37CF92695857}"
EndProject
Project("{9A19103F-16F7-4668-BE54-9A1E7A4F7556}") = "Shopping.Infrastructure.EfCore", "Services\Shopping\Shopping.Infrastructure.EfCore\Shopping.Infrastructure.EfCore.csproj", "{9CD0579D-C5EB-450A-BAA4-6A47BDC65ACD}"
EndProject
Project("{9A19103F-16F7-4668-BE54-9A1E7A4F7556}") = "Shopping.Application", "Services\Shopping\Shopping.Application\Shopping.Application.csproj", "{5A321B15-B9B2-4DFF-A380-1129BCD84F6B}"
EndProject
Project("{2150E333-8FDC-42A3-9474-1A3956D46DE8}") = "Core", "Core", "{B2112AE8-6246-4282-970C-0A59343F37E4}"
EndProject
Project("{2150E333-8FDC-42A3-9474-1A3956D46DE8}") = "Infrastructure", "Infrastructure", "{DA6EE0AE-AA4A-46B3-9740-DADE48A8293C}"
EndProject
Project("{2150E333-8FDC-42A3-9474-1A3956D46DE8}") = "Presentation", "Presentation", "{A3EE1654-FC22-45A7-991F-797AFACC0286}"
EndProject
Project("{2150E333-8FDC-42A3-9474-1A3956D46DE8}") = "Contracts", "Contracts", "{FE0692F7-8EF9-4189-A7A3-2CBA39ABC1EC}"
EndProject
Project("{2150E333-8FDC-42A3-9474-1A3956D46DE8}") = "Presentation", "Presentation", "{41D3877B-6BC2-4ACA-99CF-CD3A0122B8AE}"
EndProject
Project("{2150E333-8FDC-42A3-9474-1A3956D46DE8}") = "Core", "Core", "{6FDF22DA-5687-440A-B993-DD3A0BE12B23}"
EndProject
Project("{2150E333-8FDC-42A3-9474-1A3956D46DE8}") = "Infrastructure", "Infrastructure", "{6EA39643-502E-442C-AD20-3B90B83F8960}"
EndProject
Project("{FAE04EC0-301F-11D3-BF4B-00C04F79EFBC}") = "Contracts.API", "Services\Contracts\Contracts.API\Contracts.API.csproj", "{A8355116-20EE-4713-9715-8E13B5652286}"
EndProject
Project("{FAE04EC0-301F-11D3-BF4B-00C04F79EFBC}") = "Contracts.Domain", "Services\Contracts\Contracts.Domain\Contracts.Domain.csproj", "{49761457-2A1B-4A71-B308-EF374F8DC716}"
EndProject
Project("{FAE04EC0-301F-11D3-BF4B-00C04F79EFBC}") = "Contracts.Application", "Services\Contracts\Contracts.Application\Contracts.Application.csproj", "{A6C6185B-3BED-464B-802E-83D03F4736A5}"
EndProject
Project("{FAE04EC0-301F-11D3-BF4B-00C04F79EFBC}") = "Contracts.Infrastructure.EfCore", "Services\Contracts\Contracts.Infrastructure.EfCore\Contracts.Infrastructure.EfCore.csproj", "{8FDD93C9-CCFC-403A-BF2A-7DB1CA1A4311}"
EndProject
Project("{2150E333-8FDC-42A3-9474-1A3956D46DE8}") = "Employees", "Employees", "{D943D7BC-1124-46C7-ABAF-C16181029570}"
EndProject
Project("{2150E333-8FDC-42A3-9474-1A3956D46DE8}") = "Presentation", "Presentation", "{EC13DDFD-DC71-4D87-B54C-769DFB0C1F1B}"
EndProject
Project("{FAE04EC0-301F-11D3-BF4B-00C04F79EFBC}") = "Employees.API", "Services\Employees\Presentation\Employees.API\Employees.API.csproj", "{1708E60B-FB02-40E5-AC96-5E494547D86E}"
EndProject
Project("{2150E333-8FDC-42A3-9474-1A3956D46DE8}") = "Core", "Core", "{95C75C8D-DA58-4E14-86EA-B78C50F85A73}"
EndProject
Project("{FAE04EC0-301F-11D3-BF4B-00C04F79EFBC}") = "Employees.Domain", "Services\Employees\Core\Employees.Domain\Employees.Domain.csproj", "{A41420B4-C5E6-40C8-916D-E4EB1F396EE2}"
EndProject
Project("{FAE04EC0-301F-11D3-BF4B-00C04F79EFBC}") = "Employees.Application", "Services\Employees\Core\Employees.Application\Employees.Application.csproj", "{CCC7CFB2-562A-4E1D-98F6-4EF390727726}"
EndProject
Project("{2150E333-8FDC-42A3-9474-1A3956D46DE8}") = "Infrastructure", "Infrastructure", "{609D21C3-7426-409E-9C02-5879D2EAEB4A}"
EndProject
Project("{FAE04EC0-301F-11D3-BF4B-00C04F79EFBC}") = "Employees.Infrastructure", "Services\Employees\Infrastructure\Employees.Infrastructure\Employees.Infrastructure.csproj", "{96414CD1-90E9-426A-AB64-74264CA790B8}"
EndProject
Project("{2150E333-8FDC-42A3-9474-1A3956D46DE8}") = "Installations", "Installations", "{E9A43D9D-63B8-4A15-A71F-17DC91D99105}"
EndProject
Project("{2150E333-8FDC-42A3-9474-1A3956D46DE8}") = "Core", "Core", "{4B853098-0DF4-4C82-8AB7-C7A9927F254F}"
EndProject
Project("{FAE04EC0-301F-11D3-BF4B-00C04F79EFBC}") = "Installations.Application", "Services\Installation\Core\Installations.Application\Installations.Application.csproj", "{CDEF447F-92AD-45C1-8932-3F83C702A916}"
EndProject
Project("{2150E333-8FDC-42A3-9474-1A3956D46DE8}") = "Infrastructure", "Infrastructure", "{BB5310B8-EBAB-4E8A-817C-556128E00C3C}"
EndProject
Project("{FAE04EC0-301F-11D3-BF4B-00C04F79EFBC}") = "Installations.Infrastructure", "Services\Installation\Infrastructure\Installations.Infrastructure\Installations.Infrastructure.csproj", "{B5F514E9-6C05-44B2-BF24-0F9EEB4CB4F7}"
EndProject
Project("{2150E333-8FDC-42A3-9474-1A3956D46DE8}") = "Presentation", "Presentation", "{BEDD455A-B26B-4695-85F2-1723C2CEAA26}"
EndProject
Project("{FAE04EC0-301F-11D3-BF4B-00C04F79EFBC}") = "Installations.Domain", "Services\Installation\Core\Installations.Domain\Installations.Domain.csproj", "{139336A1-C835-4EE1-A7CC-E10F76654D6D}"
EndProject
Project("{FAE04EC0-301F-11D3-BF4B-00C04F79EFBC}") = "Installations.API", "Services\Installation\Presentation\Installations.API\Installations.API.csproj", "{70EE8916-DA01-4FFF-8783-CA78C5A37274}"
EndProject
Global
	GlobalSection(SolutionConfigurationPlatforms) = preSolution
		Debug|Any CPU = Debug|Any CPU
		Release|Any CPU = Release|Any CPU
	EndGlobalSection
	GlobalSection(ProjectConfigurationPlatforms) = postSolution
		{E1D66DE8-7723-4469-8F44-E6ECB8806C09}.Debug|Any CPU.ActiveCfg = Debug|Any CPU
		{E1D66DE8-7723-4469-8F44-E6ECB8806C09}.Debug|Any CPU.Build.0 = Debug|Any CPU
		{E1D66DE8-7723-4469-8F44-E6ECB8806C09}.Release|Any CPU.ActiveCfg = Release|Any CPU
		{E1D66DE8-7723-4469-8F44-E6ECB8806C09}.Release|Any CPU.Build.0 = Release|Any CPU
		{E1099702-05A6-48BE-8BF8-7535055D7224}.Debug|Any CPU.ActiveCfg = Debug|Any CPU
		{E1099702-05A6-48BE-8BF8-7535055D7224}.Debug|Any CPU.Build.0 = Debug|Any CPU
		{E1099702-05A6-48BE-8BF8-7535055D7224}.Release|Any CPU.ActiveCfg = Release|Any CPU
		{E1099702-05A6-48BE-8BF8-7535055D7224}.Release|Any CPU.Build.0 = Release|Any CPU
		{AD91AD67-0BAD-4C36-9B49-632E4C13B644}.Debug|Any CPU.ActiveCfg = Debug|Any CPU
		{AD91AD67-0BAD-4C36-9B49-632E4C13B644}.Debug|Any CPU.Build.0 = Debug|Any CPU
		{AD91AD67-0BAD-4C36-9B49-632E4C13B644}.Release|Any CPU.ActiveCfg = Release|Any CPU
		{AD91AD67-0BAD-4C36-9B49-632E4C13B644}.Release|Any CPU.Build.0 = Release|Any CPU
		{D0229EA1-DB53-4FE8-A8CF-64C6528DC290}.Debug|Any CPU.ActiveCfg = Debug|Any CPU
		{D0229EA1-DB53-4FE8-A8CF-64C6528DC290}.Debug|Any CPU.Build.0 = Debug|Any CPU
		{D0229EA1-DB53-4FE8-A8CF-64C6528DC290}.Release|Any CPU.ActiveCfg = Release|Any CPU
		{D0229EA1-DB53-4FE8-A8CF-64C6528DC290}.Release|Any CPU.Build.0 = Release|Any CPU
		{136C0313-53EB-46F0-8238-4F07ECF2FD5E}.Debug|Any CPU.ActiveCfg = Debug|Any CPU
		{136C0313-53EB-46F0-8238-4F07ECF2FD5E}.Debug|Any CPU.Build.0 = Debug|Any CPU
		{136C0313-53EB-46F0-8238-4F07ECF2FD5E}.Release|Any CPU.ActiveCfg = Release|Any CPU
		{136C0313-53EB-46F0-8238-4F07ECF2FD5E}.Release|Any CPU.Build.0 = Release|Any CPU
		{7D3404F0-D8E6-4AEC-92EC-316B2A0FA290}.Debug|Any CPU.ActiveCfg = Debug|Any CPU
		{7D3404F0-D8E6-4AEC-92EC-316B2A0FA290}.Debug|Any CPU.Build.0 = Debug|Any CPU
		{7D3404F0-D8E6-4AEC-92EC-316B2A0FA290}.Release|Any CPU.ActiveCfg = Release|Any CPU
		{7D3404F0-D8E6-4AEC-92EC-316B2A0FA290}.Release|Any CPU.Build.0 = Release|Any CPU
		{EB457731-300C-41E2-AE90-1651F2BCC25F}.Debug|Any CPU.ActiveCfg = Debug|Any CPU
		{EB457731-300C-41E2-AE90-1651F2BCC25F}.Debug|Any CPU.Build.0 = Debug|Any CPU
		{EB457731-300C-41E2-AE90-1651F2BCC25F}.Release|Any CPU.ActiveCfg = Release|Any CPU
		{EB457731-300C-41E2-AE90-1651F2BCC25F}.Release|Any CPU.Build.0 = Release|Any CPU
		{81CDEC2B-CF33-468A-81F6-19B3ABDED611}.Debug|Any CPU.ActiveCfg = Debug|Any CPU
		{81CDEC2B-CF33-468A-81F6-19B3ABDED611}.Debug|Any CPU.Build.0 = Debug|Any CPU
		{81CDEC2B-CF33-468A-81F6-19B3ABDED611}.Release|Any CPU.ActiveCfg = Release|Any CPU
		{81CDEC2B-CF33-468A-81F6-19B3ABDED611}.Release|Any CPU.Build.0 = Release|Any CPU
		{1069E105-B527-4550-B10E-6B9B352FA60C}.Debug|Any CPU.ActiveCfg = Debug|Any CPU
		{1069E105-B527-4550-B10E-6B9B352FA60C}.Debug|Any CPU.Build.0 = Debug|Any CPU
		{1069E105-B527-4550-B10E-6B9B352FA60C}.Release|Any CPU.ActiveCfg = Release|Any CPU
		{1069E105-B527-4550-B10E-6B9B352FA60C}.Release|Any CPU.Build.0 = Release|Any CPU
		{E562D93D-3A93-4F11-8888-5F6CF8AC4C00}.Debug|Any CPU.ActiveCfg = Debug|Any CPU
		{E562D93D-3A93-4F11-8888-5F6CF8AC4C00}.Debug|Any CPU.Build.0 = Debug|Any CPU
		{E562D93D-3A93-4F11-8888-5F6CF8AC4C00}.Release|Any CPU.ActiveCfg = Release|Any CPU
		{E562D93D-3A93-4F11-8888-5F6CF8AC4C00}.Release|Any CPU.Build.0 = Release|Any CPU
		{20F0034F-36E4-4C40-B11A-04A0AE502F52}.Debug|Any CPU.ActiveCfg = Debug|Any CPU
		{20F0034F-36E4-4C40-B11A-04A0AE502F52}.Debug|Any CPU.Build.0 = Debug|Any CPU
		{20F0034F-36E4-4C40-B11A-04A0AE502F52}.Release|Any CPU.ActiveCfg = Release|Any CPU
		{20F0034F-36E4-4C40-B11A-04A0AE502F52}.Release|Any CPU.Build.0 = Release|Any CPU
		{9D8AE9BE-1AA5-43BD-95D9-FB6DD2F1A485}.Debug|Any CPU.ActiveCfg = Debug|Any CPU
		{9D8AE9BE-1AA5-43BD-95D9-FB6DD2F1A485}.Debug|Any CPU.Build.0 = Debug|Any CPU
		{9D8AE9BE-1AA5-43BD-95D9-FB6DD2F1A485}.Release|Any CPU.ActiveCfg = Release|Any CPU
		{9D8AE9BE-1AA5-43BD-95D9-FB6DD2F1A485}.Release|Any CPU.Build.0 = Release|Any CPU
		{AC95B9B8-DA72-41C2-BAC1-8F21F94470B4}.Debug|Any CPU.ActiveCfg = Debug|Any CPU
		{AC95B9B8-DA72-41C2-BAC1-8F21F94470B4}.Debug|Any CPU.Build.0 = Debug|Any CPU
		{AC95B9B8-DA72-41C2-BAC1-8F21F94470B4}.Release|Any CPU.ActiveCfg = Release|Any CPU
		{AC95B9B8-DA72-41C2-BAC1-8F21F94470B4}.Release|Any CPU.Build.0 = Release|Any CPU
		{0576ABD8-33F9-4A0D-86E9-11497C90F9C6}.Debug|Any CPU.ActiveCfg = Debug|Any CPU
		{0576ABD8-33F9-4A0D-86E9-11497C90F9C6}.Debug|Any CPU.Build.0 = Debug|Any CPU
		{0576ABD8-33F9-4A0D-86E9-11497C90F9C6}.Release|Any CPU.ActiveCfg = Release|Any CPU
		{0576ABD8-33F9-4A0D-86E9-11497C90F9C6}.Release|Any CPU.Build.0 = Release|Any CPU
		{BC0FF3BD-0030-42DB-97B7-7794479484CD}.Debug|Any CPU.ActiveCfg = Debug|Any CPU
		{BC0FF3BD-0030-42DB-97B7-7794479484CD}.Debug|Any CPU.Build.0 = Debug|Any CPU
		{BC0FF3BD-0030-42DB-97B7-7794479484CD}.Release|Any CPU.ActiveCfg = Release|Any CPU
		{BC0FF3BD-0030-42DB-97B7-7794479484CD}.Release|Any CPU.Build.0 = Release|Any CPU
		{3EF7B6B9-4504-4223-BD20-37CF92695857}.Debug|Any CPU.ActiveCfg = Debug|Any CPU
		{3EF7B6B9-4504-4223-BD20-37CF92695857}.Debug|Any CPU.Build.0 = Debug|Any CPU
		{3EF7B6B9-4504-4223-BD20-37CF92695857}.Release|Any CPU.ActiveCfg = Release|Any CPU
		{3EF7B6B9-4504-4223-BD20-37CF92695857}.Release|Any CPU.Build.0 = Release|Any CPU
		{9CD0579D-C5EB-450A-BAA4-6A47BDC65ACD}.Debug|Any CPU.ActiveCfg = Debug|Any CPU
		{9CD0579D-C5EB-450A-BAA4-6A47BDC65ACD}.Debug|Any CPU.Build.0 = Debug|Any CPU
		{9CD0579D-C5EB-450A-BAA4-6A47BDC65ACD}.Release|Any CPU.ActiveCfg = Release|Any CPU
		{9CD0579D-C5EB-450A-BAA4-6A47BDC65ACD}.Release|Any CPU.Build.0 = Release|Any CPU
		{5A321B15-B9B2-4DFF-A380-1129BCD84F6B}.Debug|Any CPU.ActiveCfg = Debug|Any CPU
		{5A321B15-B9B2-4DFF-A380-1129BCD84F6B}.Debug|Any CPU.Build.0 = Debug|Any CPU
		{5A321B15-B9B2-4DFF-A380-1129BCD84F6B}.Release|Any CPU.ActiveCfg = Release|Any CPU
		{5A321B15-B9B2-4DFF-A380-1129BCD84F6B}.Release|Any CPU.Build.0 = Release|Any CPU
		{A8355116-20EE-4713-9715-8E13B5652286}.Debug|Any CPU.ActiveCfg = Debug|Any CPU
		{A8355116-20EE-4713-9715-8E13B5652286}.Debug|Any CPU.Build.0 = Debug|Any CPU
		{A8355116-20EE-4713-9715-8E13B5652286}.Release|Any CPU.ActiveCfg = Release|Any CPU
		{A8355116-20EE-4713-9715-8E13B5652286}.Release|Any CPU.Build.0 = Release|Any CPU
		{49761457-2A1B-4A71-B308-EF374F8DC716}.Debug|Any CPU.ActiveCfg = Debug|Any CPU
		{49761457-2A1B-4A71-B308-EF374F8DC716}.Debug|Any CPU.Build.0 = Debug|Any CPU
		{49761457-2A1B-4A71-B308-EF374F8DC716}.Release|Any CPU.ActiveCfg = Release|Any CPU
		{49761457-2A1B-4A71-B308-EF374F8DC716}.Release|Any CPU.Build.0 = Release|Any CPU
		{A6C6185B-3BED-464B-802E-83D03F4736A5}.Debug|Any CPU.ActiveCfg = Debug|Any CPU
		{A6C6185B-3BED-464B-802E-83D03F4736A5}.Debug|Any CPU.Build.0 = Debug|Any CPU
		{A6C6185B-3BED-464B-802E-83D03F4736A5}.Release|Any CPU.ActiveCfg = Release|Any CPU
		{A6C6185B-3BED-464B-802E-83D03F4736A5}.Release|Any CPU.Build.0 = Release|Any CPU
		{8FDD93C9-CCFC-403A-BF2A-7DB1CA1A4311}.Debug|Any CPU.ActiveCfg = Debug|Any CPU
		{8FDD93C9-CCFC-403A-BF2A-7DB1CA1A4311}.Debug|Any CPU.Build.0 = Debug|Any CPU
		{8FDD93C9-CCFC-403A-BF2A-7DB1CA1A4311}.Release|Any CPU.ActiveCfg = Release|Any CPU
		{8FDD93C9-CCFC-403A-BF2A-7DB1CA1A4311}.Release|Any CPU.Build.0 = Release|Any CPU
		{1708E60B-FB02-40E5-AC96-5E494547D86E}.Debug|Any CPU.ActiveCfg = Debug|Any CPU
		{1708E60B-FB02-40E5-AC96-5E494547D86E}.Debug|Any CPU.Build.0 = Debug|Any CPU
		{1708E60B-FB02-40E5-AC96-5E494547D86E}.Release|Any CPU.ActiveCfg = Release|Any CPU
		{1708E60B-FB02-40E5-AC96-5E494547D86E}.Release|Any CPU.Build.0 = Release|Any CPU
		{A41420B4-C5E6-40C8-916D-E4EB1F396EE2}.Debug|Any CPU.ActiveCfg = Debug|Any CPU
		{A41420B4-C5E6-40C8-916D-E4EB1F396EE2}.Debug|Any CPU.Build.0 = Debug|Any CPU
		{A41420B4-C5E6-40C8-916D-E4EB1F396EE2}.Release|Any CPU.ActiveCfg = Release|Any CPU
		{A41420B4-C5E6-40C8-916D-E4EB1F396EE2}.Release|Any CPU.Build.0 = Release|Any CPU
		{CCC7CFB2-562A-4E1D-98F6-4EF390727726}.Debug|Any CPU.ActiveCfg = Debug|Any CPU
		{CCC7CFB2-562A-4E1D-98F6-4EF390727726}.Debug|Any CPU.Build.0 = Debug|Any CPU
		{CCC7CFB2-562A-4E1D-98F6-4EF390727726}.Release|Any CPU.ActiveCfg = Release|Any CPU
		{CCC7CFB2-562A-4E1D-98F6-4EF390727726}.Release|Any CPU.Build.0 = Release|Any CPU
		{96414CD1-90E9-426A-AB64-74264CA790B8}.Debug|Any CPU.ActiveCfg = Debug|Any CPU
		{96414CD1-90E9-426A-AB64-74264CA790B8}.Debug|Any CPU.Build.0 = Debug|Any CPU
		{96414CD1-90E9-426A-AB64-74264CA790B8}.Release|Any CPU.ActiveCfg = Release|Any CPU
		{96414CD1-90E9-426A-AB64-74264CA790B8}.Release|Any CPU.Build.0 = Release|Any CPU
		{CDEF447F-92AD-45C1-8932-3F83C702A916}.Debug|Any CPU.ActiveCfg = Debug|Any CPU
		{CDEF447F-92AD-45C1-8932-3F83C702A916}.Debug|Any CPU.Build.0 = Debug|Any CPU
		{CDEF447F-92AD-45C1-8932-3F83C702A916}.Release|Any CPU.ActiveCfg = Release|Any CPU
		{CDEF447F-92AD-45C1-8932-3F83C702A916}.Release|Any CPU.Build.0 = Release|Any CPU
		{B5F514E9-6C05-44B2-BF24-0F9EEB4CB4F7}.Debug|Any CPU.ActiveCfg = Debug|Any CPU
		{B5F514E9-6C05-44B2-BF24-0F9EEB4CB4F7}.Debug|Any CPU.Build.0 = Debug|Any CPU
		{B5F514E9-6C05-44B2-BF24-0F9EEB4CB4F7}.Release|Any CPU.ActiveCfg = Release|Any CPU
		{B5F514E9-6C05-44B2-BF24-0F9EEB4CB4F7}.Release|Any CPU.Build.0 = Release|Any CPU
		{139336A1-C835-4EE1-A7CC-E10F76654D6D}.Debug|Any CPU.ActiveCfg = Debug|Any CPU
		{139336A1-C835-4EE1-A7CC-E10F76654D6D}.Debug|Any CPU.Build.0 = Debug|Any CPU
		{139336A1-C835-4EE1-A7CC-E10F76654D6D}.Release|Any CPU.ActiveCfg = Release|Any CPU
		{139336A1-C835-4EE1-A7CC-E10F76654D6D}.Release|Any CPU.Build.0 = Release|Any CPU
		{70EE8916-DA01-4FFF-8783-CA78C5A37274}.Debug|Any CPU.ActiveCfg = Debug|Any CPU
		{70EE8916-DA01-4FFF-8783-CA78C5A37274}.Debug|Any CPU.Build.0 = Debug|Any CPU
		{70EE8916-DA01-4FFF-8783-CA78C5A37274}.Release|Any CPU.ActiveCfg = Release|Any CPU
		{70EE8916-DA01-4FFF-8783-CA78C5A37274}.Release|Any CPU.Build.0 = Release|Any CPU
	EndGlobalSection
	GlobalSection(SolutionProperties) = preSolution
		HideSolutionNode = FALSE
	EndGlobalSection
	GlobalSection(NestedProjects) = preSolution
		{B566493F-2503-4923-9F9D-BEDBD962DD81} = {629C5715-FEED-49D1-B123-EAC8D6DB08C5}
		{075301B9-562B-4EB4-BA0B-047957630CEF} = {629C5715-FEED-49D1-B123-EAC8D6DB08C5}
		{B8454701-ECD5-4B4D-87A3-DB8C956B98C8} = {629C5715-FEED-49D1-B123-EAC8D6DB08C5}
		{E1099702-05A6-48BE-8BF8-7535055D7224} = {F1FCCBAA-0E50-42C3-9E20-E0760D06808C}
		{AD91AD67-0BAD-4C36-9B49-632E4C13B644} = {F1FCCBAA-0E50-42C3-9E20-E0760D06808C}
		{D0229EA1-DB53-4FE8-A8CF-64C6528DC290} = {F1FCCBAA-0E50-42C3-9E20-E0760D06808C}
		{136C0313-53EB-46F0-8238-4F07ECF2FD5E} = {F1FCCBAA-0E50-42C3-9E20-E0760D06808C}
		{7D3404F0-D8E6-4AEC-92EC-316B2A0FA290} = {660B83AD-650E-4978-B64E-41BBFC40DD37}
		{EB457731-300C-41E2-AE90-1651F2BCC25F} = {DA73E208-4D41-40AC-8B57-F34684FC3072}
		{81CDEC2B-CF33-468A-81F6-19B3ABDED611} = {8B19ABD3-C35C-4DF6-B120-CC6D6524ED9B}
		{1069E105-B527-4550-B10E-6B9B352FA60C} = {8B19ABD3-C35C-4DF6-B120-CC6D6524ED9B}
		{E562D93D-3A93-4F11-8888-5F6CF8AC4C00} = {F1FCCBAA-0E50-42C3-9E20-E0760D06808C}
		{F2F76BE7-468E-42BB-957A-EF58FB919E39} = {B566493F-2503-4923-9F9D-BEDBD962DD81}
		{20F0034F-36E4-4C40-B11A-04A0AE502F52} = {F2F76BE7-468E-42BB-957A-EF58FB919E39}
		{1B3D31BD-DAA9-4AE1-982B-5655866BFC2D} = {B566493F-2503-4923-9F9D-BEDBD962DD81}
		{4F7DA1C7-C6F6-4B50-AA11-B36332C49513} = {B566493F-2503-4923-9F9D-BEDBD962DD81}
		{9D8AE9BE-1AA5-43BD-95D9-FB6DD2F1A485} = {4F7DA1C7-C6F6-4B50-AA11-B36332C49513}
		{AC95B9B8-DA72-41C2-BAC1-8F21F94470B4} = {4F7DA1C7-C6F6-4B50-AA11-B36332C49513}
		{0576ABD8-33F9-4A0D-86E9-11497C90F9C6} = {1B3D31BD-DAA9-4AE1-982B-5655866BFC2D}
		{8B19ABD3-C35C-4DF6-B120-CC6D6524ED9B} = {075301B9-562B-4EB4-BA0B-047957630CEF}
		{660B83AD-650E-4978-B64E-41BBFC40DD37} = {075301B9-562B-4EB4-BA0B-047957630CEF}
		{DA73E208-4D41-40AC-8B57-F34684FC3072} = {075301B9-562B-4EB4-BA0B-047957630CEF}
		{BC0FF3BD-0030-42DB-97B7-7794479484CD} = {A3EE1654-FC22-45A7-991F-797AFACC0286}
		{3EF7B6B9-4504-4223-BD20-37CF92695857} = {B2112AE8-6246-4282-970C-0A59343F37E4}
		{9CD0579D-C5EB-450A-BAA4-6A47BDC65ACD} = {DA6EE0AE-AA4A-46B3-9740-DADE48A8293C}
		{5A321B15-B9B2-4DFF-A380-1129BCD84F6B} = {B2112AE8-6246-4282-970C-0A59343F37E4}
		{B2112AE8-6246-4282-970C-0A59343F37E4} = {B8454701-ECD5-4B4D-87A3-DB8C956B98C8}
		{DA6EE0AE-AA4A-46B3-9740-DADE48A8293C} = {B8454701-ECD5-4B4D-87A3-DB8C956B98C8}
		{A3EE1654-FC22-45A7-991F-797AFACC0286} = {B8454701-ECD5-4B4D-87A3-DB8C956B98C8}
		{FE0692F7-8EF9-4189-A7A3-2CBA39ABC1EC} = {629C5715-FEED-49D1-B123-EAC8D6DB08C5}
		{41D3877B-6BC2-4ACA-99CF-CD3A0122B8AE} = {FE0692F7-8EF9-4189-A7A3-2CBA39ABC1EC}
		{6FDF22DA-5687-440A-B993-DD3A0BE12B23} = {FE0692F7-8EF9-4189-A7A3-2CBA39ABC1EC}
		{6EA39643-502E-442C-AD20-3B90B83F8960} = {FE0692F7-8EF9-4189-A7A3-2CBA39ABC1EC}
		{A8355116-20EE-4713-9715-8E13B5652286} = {41D3877B-6BC2-4ACA-99CF-CD3A0122B8AE}
		{49761457-2A1B-4A71-B308-EF374F8DC716} = {6FDF22DA-5687-440A-B993-DD3A0BE12B23}
		{A6C6185B-3BED-464B-802E-83D03F4736A5} = {6FDF22DA-5687-440A-B993-DD3A0BE12B23}
		{8FDD93C9-CCFC-403A-BF2A-7DB1CA1A4311} = {6EA39643-502E-442C-AD20-3B90B83F8960}
		{D943D7BC-1124-46C7-ABAF-C16181029570} = {629C5715-FEED-49D1-B123-EAC8D6DB08C5}
		{EC13DDFD-DC71-4D87-B54C-769DFB0C1F1B} = {D943D7BC-1124-46C7-ABAF-C16181029570}
		{1708E60B-FB02-40E5-AC96-5E494547D86E} = {EC13DDFD-DC71-4D87-B54C-769DFB0C1F1B}
		{95C75C8D-DA58-4E14-86EA-B78C50F85A73} = {D943D7BC-1124-46C7-ABAF-C16181029570}
		{A41420B4-C5E6-40C8-916D-E4EB1F396EE2} = {95C75C8D-DA58-4E14-86EA-B78C50F85A73}
		{CCC7CFB2-562A-4E1D-98F6-4EF390727726} = {95C75C8D-DA58-4E14-86EA-B78C50F85A73}
		{609D21C3-7426-409E-9C02-5879D2EAEB4A} = {D943D7BC-1124-46C7-ABAF-C16181029570}
		{96414CD1-90E9-426A-AB64-74264CA790B8} = {609D21C3-7426-409E-9C02-5879D2EAEB4A}
		{E9A43D9D-63B8-4A15-A71F-17DC91D99105} = {629C5715-FEED-49D1-B123-EAC8D6DB08C5}
		{4B853098-0DF4-4C82-8AB7-C7A9927F254F} = {E9A43D9D-63B8-4A15-A71F-17DC91D99105}
		{CDEF447F-92AD-45C1-8932-3F83C702A916} = {4B853098-0DF4-4C82-8AB7-C7A9927F254F}
		{BB5310B8-EBAB-4E8A-817C-556128E00C3C} = {E9A43D9D-63B8-4A15-A71F-17DC91D99105}
		{B5F514E9-6C05-44B2-BF24-0F9EEB4CB4F7} = {BB5310B8-EBAB-4E8A-817C-556128E00C3C}
		{BEDD455A-B26B-4695-85F2-1723C2CEAA26} = {E9A43D9D-63B8-4A15-A71F-17DC91D99105}
		{139336A1-C835-4EE1-A7CC-E10F76654D6D} = {4B853098-0DF4-4C82-8AB7-C7A9927F254F}
		{70EE8916-DA01-4FFF-8783-CA78C5A37274} = {BEDD455A-B26B-4695-85F2-1723C2CEAA26}
	EndGlobalSection
EndGlobal
