
Microsoft Visual Studio Solution File, Format Version 12.00
Project("{2150E333-8FDC-42A3-9474-1A3956D46DE8}") = "Services", "Services", "{629C5715-FEED-49D1-B123-EAC8D6DB08C5}"
EndProject
Project("{2150E333-8FDC-42A3-9474-1A3956D46DE8}") = "BuildingBlocks", "BuildingBlocks", "{F1FCCBAA-0E50-42C3-9E20-E0760D06808C}"
EndProject
Project("{2150E333-8FDC-42A3-9474-1A3956D46DE8}") = "IAC", "IAC", "{B566493F-2503-4923-9F9D-BEDBD962DD81}"
EndProject
Project("{2150E333-8FDC-42A3-9474-1A3956D46DE8}") = "Customers", "Customers", "{A3DC1629-5700-4E72-A309-1BD83630E8CF}"
EndProject
Project("{2150E333-8FDC-42A3-9474-1A3956D46DE8}") = "Products", "Products", "{075301B9-562B-4EB4-BA0B-047957630CEF}"
EndProject
Project("{2150E333-8FDC-42A3-9474-1A3956D46DE8}") = "Shopping", "Shopping", "{B8454701-ECD5-4B4D-87A3-DB8C956B98C8}"
EndProject
Project("{2150E333-8FDC-42A3-9474-1A3956D46DE8}") = "Presentation", "Presentation", "{8D47ED88-F499-4D7A-8929-76CD77181433}"
EndProject
Project("{FAE04EC0-301F-11D3-BF4B-00C04F79EFBC}") = "Customers.API", "Services\Customers\Presentation\Customers.API\Customers.API.csproj", "{C9C508A8-85D3-4B56-BC70-199E7A719FA6}"
EndProject
Project("{2150E333-8FDC-42A3-9474-1A3956D46DE8}") = "Presentation", "Presentation", "{98C7932E-3EDF-4CB7-A57D-34788B297B4B}"
EndProject
Project("{FAE04EC0-301F-11D3-BF4B-00C04F79EFBC}") = "IAC.API", "Services\IAC\Presentation\IAC.API\IAC.API.csproj", "{99E1237D-55F0-484E-BA5D-D1995E8EB00B}"
EndProject
Project("{2150E333-8FDC-42A3-9474-1A3956D46DE8}") = "Presentation", "Presentation", "{B3231B84-9FC2-48D6-B094-B8BD2667E27D}"
EndProject
Project("{FAE04EC0-301F-11D3-BF4B-00C04F79EFBC}") = "Shopping.API", "Services\Shopping\Presentation\Shopping.API\Shopping.API.csproj", "{5693F660-53A3-4E10-B275-1DBF2A900AD2}"
EndProject
Project("{FAE04EC0-301F-11D3-BF4B-00C04F79EFBC}") = "ApiGateway", "ApiGateway\ApiGateway.csproj", "{E1D66DE8-7723-4469-8F44-E6ECB8806C09}"
EndProject
Project("{FAE04EC0-301F-11D3-BF4B-00C04F79EFBC}") = "BuildingBlocks.Domain", "BuildingBlocks\BuildingBlocks.Domain\BuildingBlocks.Domain.csproj", "{E1099702-05A6-48BE-8BF8-7535055D7224}"
EndProject
Project("{FAE04EC0-301F-11D3-BF4B-00C04F79EFBC}") = "BuildingBlocks.Application", "BuildingBlocks\BuildingBlocks.Application\BuildingBlocks.Application.csproj", "{AD91AD67-0BAD-4C36-9B49-632E4C13B644}"
EndProject
Project("{FAE04EC0-301F-11D3-BF4B-00C04F79EFBC}") = "BuildingBlocks.Presentation", "BuildingBlocks\BuildingBlocks.Presentation\BuildingBlocks.Presentation.csproj", "{D0229EA1-DB53-4FE8-A8CF-64C6528DC290}"
EndProject
Project("{FAE04EC0-301F-11D3-BF4B-00C04F79EFBC}") = "BuildingBlocks.Infrastructure", "BuildingBlocks\BuildingBlocks.Infrastructure\BuildingBlocks.Infrastructure.csproj", "{136C0313-53EB-46F0-8238-4F07ECF2FD5E}"
EndProject
Project("{FAE04EC0-301F-11D3-BF4B-00C04F79EFBC}") = "Products.API", "Services\Products\Products.API\Products.API.csproj", "{7D3404F0-D8E6-4AEC-92EC-316B2A0FA290}"
EndProject
Project("{FAE04EC0-301F-11D3-BF4B-00C04F79EFBC}") = "Products.Infrastructure", "Services\Products\Products.Infrastructure\Products.Infrastructure.csproj", "{EB457731-300C-41E2-AE90-1651F2BCC25F}"
EndProject
Project("{FAE04EC0-301F-11D3-BF4B-00C04F79EFBC}") = "Products.Application", "Services\Products\Products.Application\Products.Application.csproj", "{81CDEC2B-CF33-468A-81F6-19B3ABDED611}"
EndProject
Project("{FAE04EC0-301F-11D3-BF4B-00C04F79EFBC}") = "Products.Domain", "Services\Products\Products.Domain\Products.Domain.csproj", "{1069E105-B527-4550-B10E-6B9B352FA60C}"
EndProject
Global
	GlobalSection(SolutionConfigurationPlatforms) = preSolution
		Debug|Any CPU = Debug|Any CPU
		Release|Any CPU = Release|Any CPU
	EndGlobalSection
	GlobalSection(NestedProjects) = preSolution
		{B566493F-2503-4923-9F9D-BEDBD962DD81} = {629C5715-FEED-49D1-B123-EAC8D6DB08C5}
		{A3DC1629-5700-4E72-A309-1BD83630E8CF} = {629C5715-FEED-49D1-B123-EAC8D6DB08C5}
		{075301B9-562B-4EB4-BA0B-047957630CEF} = {629C5715-FEED-49D1-B123-EAC8D6DB08C5}
		{B8454701-ECD5-4B4D-87A3-DB8C956B98C8} = {629C5715-FEED-49D1-B123-EAC8D6DB08C5}
		{8D47ED88-F499-4D7A-8929-76CD77181433} = {A3DC1629-5700-4E72-A309-1BD83630E8CF}
		{C9C508A8-85D3-4B56-BC70-199E7A719FA6} = {8D47ED88-F499-4D7A-8929-76CD77181433}
		{98C7932E-3EDF-4CB7-A57D-34788B297B4B} = {B566493F-2503-4923-9F9D-BEDBD962DD81}
		{99E1237D-55F0-484E-BA5D-D1995E8EB00B} = {98C7932E-3EDF-4CB7-A57D-34788B297B4B}
		{B3231B84-9FC2-48D6-B094-B8BD2667E27D} = {B8454701-ECD5-4B4D-87A3-DB8C956B98C8}
		{5693F660-53A3-4E10-B275-1DBF2A900AD2} = {B3231B84-9FC2-48D6-B094-B8BD2667E27D}
		{E1099702-05A6-48BE-8BF8-7535055D7224} = {F1FCCBAA-0E50-42C3-9E20-E0760D06808C}
		{AD91AD67-0BAD-4C36-9B49-632E4C13B644} = {F1FCCBAA-0E50-42C3-9E20-E0760D06808C}
		{D0229EA1-DB53-4FE8-A8CF-64C6528DC290} = {F1FCCBAA-0E50-42C3-9E20-E0760D06808C}
		{136C0313-53EB-46F0-8238-4F07ECF2FD5E} = {F1FCCBAA-0E50-42C3-9E20-E0760D06808C}
		{7D3404F0-D8E6-4AEC-92EC-316B2A0FA290} = {075301B9-562B-4EB4-BA0B-047957630CEF}
		{EB457731-300C-41E2-AE90-1651F2BCC25F} = {075301B9-562B-4EB4-BA0B-047957630CEF}
		{81CDEC2B-CF33-468A-81F6-19B3ABDED611} = {075301B9-562B-4EB4-BA0B-047957630CEF}
		{1069E105-B527-4550-B10E-6B9B352FA60C} = {075301B9-562B-4EB4-BA0B-047957630CEF}
	EndGlobalSection
	GlobalSection(ProjectConfigurationPlatforms) = postSolution
		{C9C508A8-85D3-4B56-BC70-199E7A719FA6}.Debug|Any CPU.ActiveCfg = Debug|Any CPU
		{C9C508A8-85D3-4B56-BC70-199E7A719FA6}.Debug|Any CPU.Build.0 = Debug|Any CPU
		{C9C508A8-85D3-4B56-BC70-199E7A719FA6}.Release|Any CPU.ActiveCfg = Release|Any CPU
		{C9C508A8-85D3-4B56-BC70-199E7A719FA6}.Release|Any CPU.Build.0 = Release|Any CPU
		{99E1237D-55F0-484E-BA5D-D1995E8EB00B}.Debug|Any CPU.ActiveCfg = Debug|Any CPU
		{99E1237D-55F0-484E-BA5D-D1995E8EB00B}.Debug|Any CPU.Build.0 = Debug|Any CPU
		{99E1237D-55F0-484E-BA5D-D1995E8EB00B}.Release|Any CPU.ActiveCfg = Release|Any CPU
		{99E1237D-55F0-484E-BA5D-D1995E8EB00B}.Release|Any CPU.Build.0 = Release|Any CPU
		{5693F660-53A3-4E10-B275-1DBF2A900AD2}.Debug|Any CPU.ActiveCfg = Debug|Any CPU
		{5693F660-53A3-4E10-B275-1DBF2A900AD2}.Debug|Any CPU.Build.0 = Debug|Any CPU
		{5693F660-53A3-4E10-B275-1DBF2A900AD2}.Release|Any CPU.ActiveCfg = Release|Any CPU
		{5693F660-53A3-4E10-B275-1DBF2A900AD2}.Release|Any CPU.Build.0 = Release|Any CPU
		{E1D66DE8-7723-4469-8F44-E6ECB8806C09}.Debug|Any CPU.ActiveCfg = Debug|Any CPU
		{E1D66DE8-7723-4469-8F44-E6ECB8806C09}.Debug|Any CPU.Build.0 = Debug|Any CPU
		{E1D66DE8-7723-4469-8F44-E6ECB8806C09}.Release|Any CPU.ActiveCfg = Release|Any CPU
		{E1D66DE8-7723-4469-8F44-E6ECB8806C09}.Release|Any CPU.Build.0 = Release|Any CPU
		{E1099702-05A6-48BE-8BF8-7535055D7224}.Debug|Any CPU.ActiveCfg = Debug|Any CPU
		{E1099702-05A6-48BE-8BF8-7535055D7224}.Debug|Any CPU.Build.0 = Debug|Any CPU
		{E1099702-05A6-48BE-8BF8-7535055D7224}.Release|Any CPU.ActiveCfg = Release|Any CPU
		{E1099702-05A6-48BE-8BF8-7535055D7224}.Release|Any CPU.Build.0 = Release|Any CPU
		{AD91AD67-0BAD-4C36-9B49-632E4C13B644}.Debug|Any CPU.ActiveCfg = Debug|Any CPU
		{AD91AD67-0BAD-4C36-9B49-632E4C13B644}.Debug|Any CPU.Build.0 = Debug|Any CPU
		{AD91AD67-0BAD-4C36-9B49-632E4C13B644}.Release|Any CPU.ActiveCfg = Release|Any CPU
		{AD91AD67-0BAD-4C36-9B49-632E4C13B644}.Release|Any CPU.Build.0 = Release|Any CPU
		{D0229EA1-DB53-4FE8-A8CF-64C6528DC290}.Debug|Any CPU.ActiveCfg = Debug|Any CPU
		{D0229EA1-DB53-4FE8-A8CF-64C6528DC290}.Debug|Any CPU.Build.0 = Debug|Any CPU
		{D0229EA1-DB53-4FE8-A8CF-64C6528DC290}.Release|Any CPU.ActiveCfg = Release|Any CPU
		{D0229EA1-DB53-4FE8-A8CF-64C6528DC290}.Release|Any CPU.Build.0 = Release|Any CPU
		{136C0313-53EB-46F0-8238-4F07ECF2FD5E}.Debug|Any CPU.ActiveCfg = Debug|Any CPU
		{136C0313-53EB-46F0-8238-4F07ECF2FD5E}.Debug|Any CPU.Build.0 = Debug|Any CPU
		{136C0313-53EB-46F0-8238-4F07ECF2FD5E}.Release|Any CPU.ActiveCfg = Release|Any CPU
		{136C0313-53EB-46F0-8238-4F07ECF2FD5E}.Release|Any CPU.Build.0 = Release|Any CPU
		{7D3404F0-D8E6-4AEC-92EC-316B2A0FA290}.Debug|Any CPU.ActiveCfg = Debug|Any CPU
		{7D3404F0-D8E6-4AEC-92EC-316B2A0FA290}.Debug|Any CPU.Build.0 = Debug|Any CPU
		{7D3404F0-D8E6-4AEC-92EC-316B2A0FA290}.Release|Any CPU.ActiveCfg = Release|Any CPU
		{7D3404F0-D8E6-4AEC-92EC-316B2A0FA290}.Release|Any CPU.Build.0 = Release|Any CPU
		{EB457731-300C-41E2-AE90-1651F2BCC25F}.Debug|Any CPU.ActiveCfg = Debug|Any CPU
		{EB457731-300C-41E2-AE90-1651F2BCC25F}.Debug|Any CPU.Build.0 = Debug|Any CPU
		{EB457731-300C-41E2-AE90-1651F2BCC25F}.Release|Any CPU.ActiveCfg = Release|Any CPU
		{EB457731-300C-41E2-AE90-1651F2BCC25F}.Release|Any CPU.Build.0 = Release|Any CPU
		{81CDEC2B-CF33-468A-81F6-19B3ABDED611}.Debug|Any CPU.ActiveCfg = Debug|Any CPU
		{81CDEC2B-CF33-468A-81F6-19B3ABDED611}.Debug|Any CPU.Build.0 = Debug|Any CPU
		{81CDEC2B-CF33-468A-81F6-19B3ABDED611}.Release|Any CPU.ActiveCfg = Release|Any CPU
		{81CDEC2B-CF33-468A-81F6-19B3ABDED611}.Release|Any CPU.Build.0 = Release|Any CPU
		{1069E105-B527-4550-B10E-6B9B352FA60C}.Debug|Any CPU.ActiveCfg = Debug|Any CPU
		{1069E105-B527-4550-B10E-6B9B352FA60C}.Debug|Any CPU.Build.0 = Debug|Any CPU
		{1069E105-B527-4550-B10E-6B9B352FA60C}.Release|Any CPU.ActiveCfg = Release|Any CPU
		{1069E105-B527-4550-B10E-6B9B352FA60C}.Release|Any CPU.Build.0 = Release|Any CPU
	EndGlobalSection
EndGlobal
