
Microsoft Visual Studio Solution File, Format Version 12.00
Project("{2150E333-8FDC-42A3-9474-1A3956D46DE8}") = "Services", "Services", "{629C5715-FEED-49D1-B123-EAC8D6DB08C5}"
EndProject
Project("{2150E333-8FDC-42A3-9474-1A3956D46DE8}") = "BuildingBlocks", "BuildingBlocks", "{F1FCCBAA-0E50-42C3-9E20-E0760D06808C}"
EndProject
Project("{2150E333-8FDC-42A3-9474-1A3956D46DE8}") = "IAC", "IAC", "{B566493F-2503-4923-9F9D-BEDBD962DD81}"
EndProject
Project("{2150E333-8FDC-42A3-9474-1A3956D46DE8}") = "Customers", "Customers", "{A3DC1629-5700-4E72-A309-1BD83630E8CF}"
EndProject
Project("{2150E333-8FDC-42A3-9474-1A3956D46DE8}") = "Products", "Products", "{075301B9-562B-4EB4-BA0B-047957630CEF}"
EndProject
Project("{2150E333-8FDC-42A3-9474-1A3956D46DE8}") = "Shopping", "Shopping", "{B8454701-ECD5-4B4D-87A3-DB8C956B98C8}"
EndProject
Project("{2150E333-8FDC-42A3-9474-1A3956D46DE8}") = "Presentation", "Presentation", "{8D47ED88-F499-4D7A-8929-76CD77181433}"
EndProject
Project("{FAE04EC0-301F-11D3-BF4B-00C04F79EFBC}") = "Customers.API", "Services\Customers\Presentation\Customers.API\Customers.API.csproj", "{C9C508A8-85D3-4B56-BC70-199E7A719FA6}"
EndProject
<<<<<<< HEAD
Project("{2150E333-8FDC-42A3-9474-1A3956D46DE8}") = "Presentation", "Presentation", "{98C7932E-3EDF-4CB7-A57D-34788B297B4B}"
EndProject
Project("{2150E333-8FDC-42A3-9474-1A3956D46DE8}") = "Presentation", "Presentation", "{74FDE5E5-F8A6-4DC9-8460-31CEE023DBDA}"
EndProject
Project("{FAE04EC0-301F-11D3-BF4B-00C04F79EFBC}") = "Products.API", "Services\Products\Presentation\Products.API\Products.API\Products.API.csproj", "{E4B43121-6A86-44AE-BEA6-548B62C87331}"
>>>>>>> feature/iac_service_init
EndProject
Project("{2150E333-8FDC-42A3-9474-1A3956D46DE8}") = "Presentation", "Presentation", "{B3231B84-9FC2-48D6-B094-B8BD2667E27D}"
EndProject
Project("{FAE04EC0-301F-11D3-BF4B-00C04F79EFBC}") = "Shopping.API", "Services\Shopping\Presentation\Shopping.API\Shopping.API.csproj", "{5693F660-53A3-4E10-B275-1DBF2A900AD2}"
EndProject
Project("{FAE04EC0-301F-11D3-BF4B-00C04F79EFBC}") = "ApiGateway", "ApiGateway\ApiGateway.csproj", "{E1D66DE8-7723-4469-8F44-E6ECB8806C09}"
EndProject
Project("{FAE04EC0-301F-11D3-BF4B-00C04F79EFBC}") = "BuildingBlocks.Domain", "BuildingBlocks\BuildingBlocks.Domain\BuildingBlocks.Domain.csproj", "{E1099702-05A6-48BE-8BF8-7535055D7224}"
EndProject
Project("{FAE04EC0-301F-11D3-BF4B-00C04F79EFBC}") = "BuildingBlocks.Application", "BuildingBlocks\BuildingBlocks.Application\BuildingBlocks.Application.csproj", "{AD91AD67-0BAD-4C36-9B49-632E4C13B644}"
EndProject
Project("{FAE04EC0-301F-11D3-BF4B-00C04F79EFBC}") = "BuildingBlocks.Presentation", "BuildingBlocks\BuildingBlocks.Presentation\BuildingBlocks.Presentation.csproj", "{D0229EA1-DB53-4FE8-A8CF-64C6528DC290}"
EndProject
Project("{FAE04EC0-301F-11D3-BF4B-00C04F79EFBC}") = "BuildingBlocks.Infrastructure", "BuildingBlocks\BuildingBlocks.Infrastructure\BuildingBlocks.Infrastructure.csproj", "{136C0313-53EB-46F0-8238-4F07ECF2FD5E}"
EndProject
Project("{FAE04EC0-301F-11D3-BF4B-00C04F79EFBC}") = "Products.API", "Services\Products\Products.API\Products.API.csproj", "{7D3404F0-D8E6-4AEC-92EC-316B2A0FA290}"
EndProject
Project("{FAE04EC0-301F-11D3-BF4B-00C04F79EFBC}") = "Products.Infrastructure.EfCore", "Services\Products\Products.Infrastructure.EfCore\Products.Infrastructure.EfCore.csproj", "{EB457731-300C-41E2-AE90-1651F2BCC25F}"
EndProject
Project("{FAE04EC0-301F-11D3-BF4B-00C04F79EFBC}") = "Products.Application", "Services\Products\Products.Application\Products.Application.csproj", "{81CDEC2B-CF33-468A-81F6-19B3ABDED611}"
EndProject
Project("{FAE04EC0-301F-11D3-BF4B-00C04F79EFBC}") = "Products.Domain", "Services\Products\Products.Domain\Products.Domain.csproj", "{1069E105-B527-4550-B10E-6B9B352FA60C}"
EndProject
Project("{FAE04EC0-301F-11D3-BF4B-00C04F79EFBC}") = "BuildingBlocks.EventBus", "BuildingBlocks\BuildingBlocks.EventBus\BuildingBlocks.EventBus.csproj", "{E562D93D-3A93-4F11-8888-5F6CF8AC4C00}"
EndProject
<<<<<<< HEAD
Project("{2150E333-8FDC-42A3-9474-1A3956D46DE8}") = "Solution Items", "Solution Items", "{5F16BB80-2787-4A1A-A413-8389A71AB1F8}"
	ProjectSection(SolutionItems) = preProject
		docker-compose.yml = docker-compose.yml
	EndProjectSection
=======
EndProject
Project("{2150E333-8FDC-42A3-9474-1A3956D46DE8}") = "Presentation", "Presentation", "{F2F76BE7-468E-42BB-957A-EF58FB919E39}"
EndProject
Project("{FAE04EC0-301F-11D3-BF4B-00C04F79EFBC}") = "IAC.API", "Services\IAC\IAC.API\IAC.API.csproj", "{20F0034F-36E4-4C40-B11A-04A0AE502F52}"
EndProject
Project("{2150E333-8FDC-42A3-9474-1A3956D46DE8}") = "Infrastructure", "Infrastructure", "{1B3D31BD-DAA9-4AE1-982B-5655866BFC2D}"
EndProject
Project("{2150E333-8FDC-42A3-9474-1A3956D46DE8}") = "Core", "Core", "{4F7DA1C7-C6F6-4B50-AA11-B36332C49513}"
EndProject
Project("{FAE04EC0-301F-11D3-BF4B-00C04F79EFBC}") = "IAC.Domain", "Services\IAC\IAC.Domain\IAC.Domain.csproj", "{9D8AE9BE-1AA5-43BD-95D9-FB6DD2F1A485}"
EndProject
Project("{FAE04EC0-301F-11D3-BF4B-00C04F79EFBC}") = "IAC.Application", "Services\IAC\IAC.Application\IAC.Application.csproj", "{AC95B9B8-DA72-41C2-BAC1-8F21F94470B4}"
EndProject
Project("{FAE04EC0-301F-11D3-BF4B-00C04F79EFBC}") = "IAC.Infrastructure.EfCore", "Services\IAC\IAC.Infrastructure.EfCore\IAC.Infrastructure.EfCore.csproj", "{0576ABD8-33F9-4A0D-86E9-11497C90F9C6}"
>>>>>>> feature/iac_service_init
EndProject
Global
	GlobalSection(SolutionConfigurationPlatforms) = preSolution
		Debug|Any CPU = Debug|Any CPU
		Release|Any CPU = Release|Any CPU
	EndGlobalSection
	GlobalSection(NestedProjects) = preSolution
		{B566493F-2503-4923-9F9D-BEDBD962DD81} = {629C5715-FEED-49D1-B123-EAC8D6DB08C5}
		{A3DC1629-5700-4E72-A309-1BD83630E8CF} = {629C5715-FEED-49D1-B123-EAC8D6DB08C5}
		{075301B9-562B-4EB4-BA0B-047957630CEF} = {629C5715-FEED-49D1-B123-EAC8D6DB08C5}
		{B8454701-ECD5-4B4D-87A3-DB8C956B98C8} = {629C5715-FEED-49D1-B123-EAC8D6DB08C5}
		{8D47ED88-F499-4D7A-8929-76CD77181433} = {A3DC1629-5700-4E72-A309-1BD83630E8CF}
		{C9C508A8-85D3-4B56-BC70-199E7A719FA6} = {8D47ED88-F499-4D7A-8929-76CD77181433}
		{74FDE5E5-F8A6-4DC9-8460-31CEE023DBDA} = {075301B9-562B-4EB4-BA0B-047957630CEF}
		{E4B43121-6A86-44AE-BEA6-548B62C87331} = {74FDE5E5-F8A6-4DC9-8460-31CEE023DBDA}
		{B3231B84-9FC2-48D6-B094-B8BD2667E27D} = {B8454701-ECD5-4B4D-87A3-DB8C956B98C8}
		{5693F660-53A3-4E10-B275-1DBF2A900AD2} = {B3231B84-9FC2-48D6-B094-B8BD2667E27D}
		{E1099702-05A6-48BE-8BF8-7535055D7224} = {F1FCCBAA-0E50-42C3-9E20-E0760D06808C}
		{AD91AD67-0BAD-4C36-9B49-632E4C13B644} = {F1FCCBAA-0E50-42C3-9E20-E0760D06808C}
		{D0229EA1-DB53-4FE8-A8CF-64C6528DC290} = {F1FCCBAA-0E50-42C3-9E20-E0760D06808C}
		{136C0313-53EB-46F0-8238-4F07ECF2FD5E} = {F1FCCBAA-0E50-42C3-9E20-E0760D06808C}
		{7D3404F0-D8E6-4AEC-92EC-316B2A0FA290} = {075301B9-562B-4EB4-BA0B-047957630CEF}
		{EB457731-300C-41E2-AE90-1651F2BCC25F} = {075301B9-562B-4EB4-BA0B-047957630CEF}
		{81CDEC2B-CF33-468A-81F6-19B3ABDED611} = {075301B9-562B-4EB4-BA0B-047957630CEF}
		{1069E105-B527-4550-B10E-6B9B352FA60C} = {075301B9-562B-4EB4-BA0B-047957630CEF}
		{E562D93D-3A93-4F11-8888-5F6CF8AC4C00} = {F1FCCBAA-0E50-42C3-9E20-E0760D06808C}
		{F2F76BE7-468E-42BB-957A-EF58FB919E39} = {B566493F-2503-4923-9F9D-BEDBD962DD81}
		{20F0034F-36E4-4C40-B11A-04A0AE502F52} = {F2F76BE7-468E-42BB-957A-EF58FB919E39}
		{1B3D31BD-DAA9-4AE1-982B-5655866BFC2D} = {B566493F-2503-4923-9F9D-BEDBD962DD81}
		{4F7DA1C7-C6F6-4B50-AA11-B36332C49513} = {B566493F-2503-4923-9F9D-BEDBD962DD81}
		{9D8AE9BE-1AA5-43BD-95D9-FB6DD2F1A485} = {4F7DA1C7-C6F6-4B50-AA11-B36332C49513}
		{AC95B9B8-DA72-41C2-BAC1-8F21F94470B4} = {4F7DA1C7-C6F6-4B50-AA11-B36332C49513}
		{0576ABD8-33F9-4A0D-86E9-11497C90F9C6} = {1B3D31BD-DAA9-4AE1-982B-5655866BFC2D}
	EndGlobalSection
	GlobalSection(ProjectConfigurationPlatforms) = postSolution
		{C9C508A8-85D3-4B56-BC70-199E7A719FA6}.Debug|Any CPU.ActiveCfg = Debug|Any CPU
		{C9C508A8-85D3-4B56-BC70-199E7A719FA6}.Debug|Any CPU.Build.0 = Debug|Any CPU
		{C9C508A8-85D3-4B56-BC70-199E7A719FA6}.Release|Any CPU.ActiveCfg = Release|Any CPU
		{C9C508A8-85D3-4B56-BC70-199E7A719FA6}.Release|Any CPU.Build.0 = Release|Any CPU
		{E4B43121-6A86-44AE-BEA6-548B62C87331}.Debug|Any CPU.ActiveCfg = Debug|Any CPU
		{E4B43121-6A86-44AE-BEA6-548B62C87331}.Debug|Any CPU.Build.0 = Debug|Any CPU
		{E4B43121-6A86-44AE-BEA6-548B62C87331}.Release|Any CPU.ActiveCfg = Release|Any CPU
		{E4B43121-6A86-44AE-BEA6-548B62C87331}.Release|Any CPU.Build.0 = Release|Any CPU
		{5693F660-53A3-4E10-B275-1DBF2A900AD2}.Debug|Any CPU.ActiveCfg = Debug|Any CPU
		{5693F660-53A3-4E10-B275-1DBF2A900AD2}.Debug|Any CPU.Build.0 = Debug|Any CPU
		{5693F660-53A3-4E10-B275-1DBF2A900AD2}.Release|Any CPU.ActiveCfg = Release|Any CPU
		{5693F660-53A3-4E10-B275-1DBF2A900AD2}.Release|Any CPU.Build.0 = Release|Any CPU
		{E1D66DE8-7723-4469-8F44-E6ECB8806C09}.Debug|Any CPU.ActiveCfg = Debug|Any CPU
		{E1D66DE8-7723-4469-8F44-E6ECB8806C09}.Debug|Any CPU.Build.0 = Debug|Any CPU
		{E1D66DE8-7723-4469-8F44-E6ECB8806C09}.Release|Any CPU.ActiveCfg = Release|Any CPU
		{E1D66DE8-7723-4469-8F44-E6ECB8806C09}.Release|Any CPU.Build.0 = Release|Any CPU
		{E1099702-05A6-48BE-8BF8-7535055D7224}.Debug|Any CPU.ActiveCfg = Debug|Any CPU
		{E1099702-05A6-48BE-8BF8-7535055D7224}.Debug|Any CPU.Build.0 = Debug|Any CPU
		{E1099702-05A6-48BE-8BF8-7535055D7224}.Release|Any CPU.ActiveCfg = Release|Any CPU
		{E1099702-05A6-48BE-8BF8-7535055D7224}.Release|Any CPU.Build.0 = Release|Any CPU
		{AD91AD67-0BAD-4C36-9B49-632E4C13B644}.Debug|Any CPU.ActiveCfg = Debug|Any CPU
		{AD91AD67-0BAD-4C36-9B49-632E4C13B644}.Debug|Any CPU.Build.0 = Debug|Any CPU
		{AD91AD67-0BAD-4C36-9B49-632E4C13B644}.Release|Any CPU.ActiveCfg = Release|Any CPU
		{AD91AD67-0BAD-4C36-9B49-632E4C13B644}.Release|Any CPU.Build.0 = Release|Any CPU
		{D0229EA1-DB53-4FE8-A8CF-64C6528DC290}.Debug|Any CPU.ActiveCfg = Debug|Any CPU
		{D0229EA1-DB53-4FE8-A8CF-64C6528DC290}.Debug|Any CPU.Build.0 = Debug|Any CPU
		{D0229EA1-DB53-4FE8-A8CF-64C6528DC290}.Release|Any CPU.ActiveCfg = Release|Any CPU
		{D0229EA1-DB53-4FE8-A8CF-64C6528DC290}.Release|Any CPU.Build.0 = Release|Any CPU
		{136C0313-53EB-46F0-8238-4F07ECF2FD5E}.Debug|Any CPU.ActiveCfg = Debug|Any CPU
		{136C0313-53EB-46F0-8238-4F07ECF2FD5E}.Debug|Any CPU.Build.0 = Debug|Any CPU
		{136C0313-53EB-46F0-8238-4F07ECF2FD5E}.Release|Any CPU.ActiveCfg = Release|Any CPU
		{136C0313-53EB-46F0-8238-4F07ECF2FD5E}.Release|Any CPU.Build.0 = Release|Any CPU
		{7D3404F0-D8E6-4AEC-92EC-316B2A0FA290}.Debug|Any CPU.ActiveCfg = Debug|Any CPU
		{7D3404F0-D8E6-4AEC-92EC-316B2A0FA290}.Debug|Any CPU.Build.0 = Debug|Any CPU
		{7D3404F0-D8E6-4AEC-92EC-316B2A0FA290}.Release|Any CPU.ActiveCfg = Release|Any CPU
		{7D3404F0-D8E6-4AEC-92EC-316B2A0FA290}.Release|Any CPU.Build.0 = Release|Any CPU
		{EB457731-300C-41E2-AE90-1651F2BCC25F}.Debug|Any CPU.ActiveCfg = Debug|Any CPU
		{EB457731-300C-41E2-AE90-1651F2BCC25F}.Debug|Any CPU.Build.0 = Debug|Any CPU
		{EB457731-300C-41E2-AE90-1651F2BCC25F}.Release|Any CPU.ActiveCfg = Release|Any CPU
		{EB457731-300C-41E2-AE90-1651F2BCC25F}.Release|Any CPU.Build.0 = Release|Any CPU
		{81CDEC2B-CF33-468A-81F6-19B3ABDED611}.Debug|Any CPU.ActiveCfg = Debug|Any CPU
		{81CDEC2B-CF33-468A-81F6-19B3ABDED611}.Debug|Any CPU.Build.0 = Debug|Any CPU
		{81CDEC2B-CF33-468A-81F6-19B3ABDED611}.Release|Any CPU.ActiveCfg = Release|Any CPU
		{81CDEC2B-CF33-468A-81F6-19B3ABDED611}.Release|Any CPU.Build.0 = Release|Any CPU
		{1069E105-B527-4550-B10E-6B9B352FA60C}.Debug|Any CPU.ActiveCfg = Debug|Any CPU
		{1069E105-B527-4550-B10E-6B9B352FA60C}.Debug|Any CPU.Build.0 = Debug|Any CPU
		{1069E105-B527-4550-B10E-6B9B352FA60C}.Release|Any CPU.ActiveCfg = Release|Any CPU
		{1069E105-B527-4550-B10E-6B9B352FA60C}.Release|Any CPU.Build.0 = Release|Any CPU
		{E562D93D-3A93-4F11-8888-5F6CF8AC4C00}.Debug|Any CPU.ActiveCfg = Debug|Any CPU
		{E562D93D-3A93-4F11-8888-5F6CF8AC4C00}.Debug|Any CPU.Build.0 = Debug|Any CPU
		{E562D93D-3A93-4F11-8888-5F6CF8AC4C00}.Release|Any CPU.ActiveCfg = Release|Any CPU
		{E562D93D-3A93-4F11-8888-5F6CF8AC4C00}.Release|Any CPU.Build.0 = Release|Any CPU
		{20F0034F-36E4-4C40-B11A-04A0AE502F52}.Debug|Any CPU.ActiveCfg = Debug|Any CPU
		{20F0034F-36E4-4C40-B11A-04A0AE502F52}.Debug|Any CPU.Build.0 = Debug|Any CPU
		{20F0034F-36E4-4C40-B11A-04A0AE502F52}.Release|Any CPU.ActiveCfg = Release|Any CPU
		{20F0034F-36E4-4C40-B11A-04A0AE502F52}.Release|Any CPU.Build.0 = Release|Any CPU
		{9D8AE9BE-1AA5-43BD-95D9-FB6DD2F1A485}.Debug|Any CPU.ActiveCfg = Debug|Any CPU
		{9D8AE9BE-1AA5-43BD-95D9-FB6DD2F1A485}.Debug|Any CPU.Build.0 = Debug|Any CPU
		{9D8AE9BE-1AA5-43BD-95D9-FB6DD2F1A485}.Release|Any CPU.ActiveCfg = Release|Any CPU
		{9D8AE9BE-1AA5-43BD-95D9-FB6DD2F1A485}.Release|Any CPU.Build.0 = Release|Any CPU
		{AC95B9B8-DA72-41C2-BAC1-8F21F94470B4}.Debug|Any CPU.ActiveCfg = Debug|Any CPU
		{AC95B9B8-DA72-41C2-BAC1-8F21F94470B4}.Debug|Any CPU.Build.0 = Debug|Any CPU
		{AC95B9B8-DA72-41C2-BAC1-8F21F94470B4}.Release|Any CPU.ActiveCfg = Release|Any CPU
		{AC95B9B8-DA72-41C2-BAC1-8F21F94470B4}.Release|Any CPU.Build.0 = Release|Any CPU
		{0576ABD8-33F9-4A0D-86E9-11497C90F9C6}.Debug|Any CPU.ActiveCfg = Debug|Any CPU
		{0576ABD8-33F9-4A0D-86E9-11497C90F9C6}.Debug|Any CPU.Build.0 = Debug|Any CPU
		{0576ABD8-33F9-4A0D-86E9-11497C90F9C6}.Release|Any CPU.ActiveCfg = Release|Any CPU
		{0576ABD8-33F9-4A0D-86E9-11497C90F9C6}.Release|Any CPU.Build.0 = Release|Any CPU
	EndGlobalSection
EndGlobal
